
Microsoft Visual Studio Solution File, Format Version 12.00
# Visual Studio 15
VisualStudioVersion = 15.0.26730.12
MinimumVisualStudioVersion = 10.0.40219.1
Project("{F184B08F-C81C-45F6-A57F-5ABD9991F28F}") = "Constant", "Constant\Constant.vbproj", "{2181EA38-345B-4CF8-8DBC-673D48576D1D}"
EndProject
Global
	GlobalSection(SolutionConfigurationPlatforms) = preSolution
		Debug|Any CPU = Debug|Any CPU
		Release|Any CPU = Release|Any CPU
	EndGlobalSection
	GlobalSection(ProjectConfigurationPlatforms) = postSolution
		{2181EA38-345B-4CF8-8DBC-673D48576D1D}.Debug|Any CPU.ActiveCfg = Debug|Any CPU
		{2181EA38-345B-4CF8-8DBC-673D48576D1D}.Debug|Any CPU.Build.0 = Debug|Any CPU
		{2181EA38-345B-4CF8-8DBC-673D48576D1D}.Release|Any CPU.ActiveCfg = Release|Any CPU
		{2181EA38-345B-4CF8-8DBC-673D48576D1D}.Release|Any CPU.Build.0 = Release|Any CPU
	EndGlobalSection
	GlobalSection(SolutionProperties) = preSolution
		HideSolutionNode = FALSE
	EndGlobalSection
	GlobalSection(ExtensibilityGlobals) = postSolution
		SolutionGuid = {AB7B232B-930F-4526-AC8D-EF88AA5884CF}
	EndGlobalSection
EndGlobal
