
Microsoft Visual Studio Solution File, Format Version 12.00
# Visual Studio 15
VisualStudioVersion = 15.0.26730.12
MinimumVisualStudioVersion = 10.0.40219.1
Project("{F184B08F-C81C-45F6-A57F-5ABD9991F28F}") = "pattern5", "pattern5\pattern5.vbproj", "{1F52CB5A-9E53-40E5-8CFC-A0E1F20CF7A0}"
EndProject
Global
	GlobalSection(SolutionConfigurationPlatforms) = preSolution
		Debug|Any CPU = Debug|Any CPU
		Release|Any CPU = Release|Any CPU
	EndGlobalSection
	GlobalSection(ProjectConfigurationPlatforms) = postSolution
		{1F52CB5A-9E53-40E5-8CFC-A0E1F20CF7A0}.Debug|Any CPU.ActiveCfg = Debug|Any CPU
		{1F52CB5A-9E53-40E5-8CFC-A0E1F20CF7A0}.Debug|Any CPU.Build.0 = Debug|Any CPU
		{1F52CB5A-9E53-40E5-8CFC-A0E1F20CF7A0}.Release|Any CPU.ActiveCfg = Release|Any CPU
		{1F52CB5A-9E53-40E5-8CFC-A0E1F20CF7A0}.Release|Any CPU.Build.0 = Release|Any CPU
	EndGlobalSection
	GlobalSection(SolutionProperties) = preSolution
		HideSolutionNode = FALSE
	EndGlobalSection
	GlobalSection(ExtensibilityGlobals) = postSolution
		SolutionGuid = {DC28C049-8573-495C-A5CA-76178EADC4AE}
	EndGlobalSection
EndGlobal
