
Microsoft Visual Studio Solution File, Format Version 12.00
# Visual Studio 15
VisualStudioVersion = 15.0.26730.12
MinimumVisualStudioVersion = 10.0.40219.1
Project("{F184B08F-C81C-45F6-A57F-5ABD9991F28F}") = "leap year exception handling", "leap year exception handling\leap year exception handling.vbproj", "{6BCFAD76-5FA9-4259-A1F4-FC940CBEA33A}"
EndProject
Global
	GlobalSection(SolutionConfigurationPlatforms) = preSolution
		Debug|Any CPU = Debug|Any CPU
		Release|Any CPU = Release|Any CPU
	EndGlobalSection
	GlobalSection(ProjectConfigurationPlatforms) = postSolution
		{6BCFAD76-5FA9-4259-A1F4-FC940CBEA33A}.Debug|Any CPU.ActiveCfg = Debug|Any CPU
		{6BCFAD76-5FA9-4259-A1F4-FC940CBEA33A}.Debug|Any CPU.Build.0 = Debug|Any CPU
		{6BCFAD76-5FA9-4259-A1F4-FC940CBEA33A}.Release|Any CPU.ActiveCfg = Release|Any CPU
		{6BCFAD76-5FA9-4259-A1F4-FC940CBEA33A}.Release|Any CPU.Build.0 = Release|Any CPU
	EndGlobalSection
	GlobalSection(SolutionProperties) = preSolution
		HideSolutionNode = FALSE
	EndGlobalSection
	GlobalSection(ExtensibilityGlobals) = postSolution
		SolutionGuid = {ECF97298-01D4-464C-916B-400BDAD023C7}
	EndGlobalSection
EndGlobal
