
Microsoft Visual Studio Solution File, Format Version 12.00
# Visual Studio 15
VisualStudioVersion = 15.0.26730.12
MinimumVisualStudioVersion = 10.0.40219.1
Project("{F184B08F-C81C-45F6-A57F-5ABD9991F28F}") = "add,sub,mul,div", "add,sub,mul,div\add,sub,mul,div.vbproj", "{10FF147E-4242-4C17-A7CB-88A6FF2EC069}"
EndProject
Global
	GlobalSection(SolutionConfigurationPlatforms) = preSolution
		Debug|Any CPU = Debug|Any CPU
		Release|Any CPU = Release|Any CPU
	EndGlobalSection
	GlobalSection(ProjectConfigurationPlatforms) = postSolution
		{10FF147E-4242-4C17-A7CB-88A6FF2EC069}.Debug|Any CPU.ActiveCfg = Debug|Any CPU
		{10FF147E-4242-4C17-A7CB-88A6FF2EC069}.Debug|Any CPU.Build.0 = Debug|Any CPU
		{10FF147E-4242-4C17-A7CB-88A6FF2EC069}.Release|Any CPU.ActiveCfg = Release|Any CPU
		{10FF147E-4242-4C17-A7CB-88A6FF2EC069}.Release|Any CPU.Build.0 = Release|Any CPU
	EndGlobalSection
	GlobalSection(SolutionProperties) = preSolution
		HideSolutionNode = FALSE
	EndGlobalSection
	GlobalSection(ExtensibilityGlobals) = postSolution
		SolutionGuid = {B10A2E35-46FA-45B1-91EA-BE7221099101}
	EndGlobalSection
EndGlobal
