
Microsoft Visual Studio Solution File, Format Version 12.00
# Visual Studio 15
VisualStudioVersion = 15.0.27004.2002
MinimumVisualStudioVersion = 10.0.40219.1
Project("{F184B08F-C81C-45F6-A57F-5ABD9991F28F}") = "Login", "Login\Login.vbproj", "{4ED45772-122B-4ACC-A89B-D6DEB2D61C72}"
EndProject
Global
	GlobalSection(SolutionConfigurationPlatforms) = preSolution
		Debug|Any CPU = Debug|Any CPU
		Release|Any CPU = Release|Any CPU
	EndGlobalSection
	GlobalSection(ProjectConfigurationPlatforms) = postSolution
		{4ED45772-122B-4ACC-A89B-D6DEB2D61C72}.Debug|Any CPU.ActiveCfg = Debug|Any CPU
		{4ED45772-122B-4ACC-A89B-D6DEB2D61C72}.Debug|Any CPU.Build.0 = Debug|Any CPU
		{4ED45772-122B-4ACC-A89B-D6DEB2D61C72}.Release|Any CPU.ActiveCfg = Release|Any CPU
		{4ED45772-122B-4ACC-A89B-D6DEB2D61C72}.Release|Any CPU.Build.0 = Release|Any CPU
	EndGlobalSection
	GlobalSection(SolutionProperties) = preSolution
		HideSolutionNode = FALSE
	EndGlobalSection
	GlobalSection(ExtensibilityGlobals) = postSolution
		SolutionGuid = {19CA6D2A-246F-49B8-9CFC-92E06C9362C7}
	EndGlobalSection
EndGlobal
