
Microsoft Visual Studio Solution File, Format Version 12.00
# Visual Studio 15
VisualStudioVersion = 15.0.27004.2002
MinimumVisualStudioVersion = 10.0.40219.1
Project("{F184B08F-C81C-45F6-A57F-5ABD9991F28F}") = "Question 8 Code", "Question 8 Code\Question 8 Code.vbproj", "{00479F0D-1341-4768-8EA5-A9A8DB486212}"
EndProject
Global
	GlobalSection(SolutionConfigurationPlatforms) = preSolution
		Debug|Any CPU = Debug|Any CPU
		Release|Any CPU = Release|Any CPU
	EndGlobalSection
	GlobalSection(ProjectConfigurationPlatforms) = postSolution
		{00479F0D-1341-4768-8EA5-A9A8DB486212}.Debug|Any CPU.ActiveCfg = Debug|Any CPU
		{00479F0D-1341-4768-8EA5-A9A8DB486212}.Debug|Any CPU.Build.0 = Debug|Any CPU
		{00479F0D-1341-4768-8EA5-A9A8DB486212}.Release|Any CPU.ActiveCfg = Release|Any CPU
		{00479F0D-1341-4768-8EA5-A9A8DB486212}.Release|Any CPU.Build.0 = Release|Any CPU
	EndGlobalSection
	GlobalSection(SolutionProperties) = preSolution
		HideSolutionNode = FALSE
	EndGlobalSection
	GlobalSection(ExtensibilityGlobals) = postSolution
		SolutionGuid = {A46EDC41-2025-4F44-86E0-3D840661D940}
	EndGlobalSection
EndGlobal
